PODS:
  - Alamofire (4.8.1)
  - AlamofireObjectMapper (5.2.0):
    - Alamofire (~> 4.7)
    - ObjectMapper (~> 3.4)
  - BmoViewPager (4.2.1)
  - ESTabBarController-swift (2.6.4)
  - Kingfisher (5.1.1)
  - ObjectMapper (3.4.2)
  - Realm (3.13.1):
    - Realm/Headers (= 3.13.1)
  - Realm/Headers (3.13.1)
  - RealmSwift (3.13.1):
    - Realm (= 3.13.1)
  - XLPagerTabStrip (8.1.1)

DEPENDENCIES:
  - Alamofire
  - AlamofireObjectMapper
  - BmoViewPager
  - ESTabBarController-swift
  - Kingfisher
  - Realm
  - RealmSwift
  - XLPagerTabStrip

SPEC REPOS:
  https://github.com/cocoapods/specs.git:
    - Alamofire
    - AlamofireObjectMapper
    - BmoViewPager
    - ESTabBarController-swift
    - Kingfisher
    - ObjectMapper
    - Realm
    - RealmSwift
    - XLPagerTabStrip

SPEC CHECKSUMS:
  Alamofire: 16ce2c353fb72865124ddae8a57c5942388f4f11
  AlamofireObjectMapper: 92b6ce2423a9d159e686f6a1d514a009bf903ddc
  BmoViewPager: cd1316e906ce90c05293098428a140f2400b0324
  ESTabBarController-swift: 58cca4ab7de980657d99a02181c1ff310983e975
  Kingfisher: 2558186963e5be42d98c5b110ccb3130148b77e4
  ObjectMapper: 0d4402610f4e468903ae64629eec4784531e5c51
  Realm: 50071da38fe079e0735e47c9f2eae738c68c5996
  RealmSwift: 8a1e6a02b7a08cd17a31e3115143fb69fe5f3fb9
  XLPagerTabStrip: 63166e21c9844fa30f2d95d30f335e73be5caf22

PODFILE CHECKSUM: 5f1872e054548740f3a34305b1bbedcdad5fa5bd

COCOAPODS: 1.5.3
